
Microsoft Visual Studio Solution File, Format Version 12.00
# Visual Studio 15
VisualStudioVersion = 15.0.27703.2047
MinimumVisualStudioVersion = 10.0.40219.1
Project("{FAE04EC0-301F-11D3-BF4B-00C04F79EFBC}") = "PortControllerClient", "PortControllerClient\PortControllerClient.csproj", "{C498AC66-B171-47C9-84EC-C8C27D6CDE09}"
EndProject
Project("{FAE04EC0-301F-11D3-BF4B-00C04F79EFBC}") = "PortControllerServer", "..\PortControllerServer\PortControllerServer.csproj", "{A0B594A2-4597-4B62-AAD7-D81F566DDE01}"
EndProject
Global
	GlobalSection(SolutionConfigurationPlatforms) = preSolution
		Debug|Any CPU = Debug|Any CPU
		Debug|ARM = Debug|ARM
		Debug|x64 = Debug|x64
		Debug|x86 = Debug|x86
		Release|Any CPU = Release|Any CPU
		Release|ARM = Release|ARM
		Release|x64 = Release|x64
		Release|x86 = Release|x86
	EndGlobalSection
	GlobalSection(ProjectConfigurationPlatforms) = postSolution
		{C498AC66-B171-47C9-84EC-C8C27D6CDE09}.Debug|Any CPU.ActiveCfg = Debug|Any CPU
		{C498AC66-B171-47C9-84EC-C8C27D6CDE09}.Debug|Any CPU.Build.0 = Debug|Any CPU
		{C498AC66-B171-47C9-84EC-C8C27D6CDE09}.Debug|ARM.ActiveCfg = Debug|Any CPU
		{C498AC66-B171-47C9-84EC-C8C27D6CDE09}.Debug|ARM.Build.0 = Debug|Any CPU
		{C498AC66-B171-47C9-84EC-C8C27D6CDE09}.Debug|x64.ActiveCfg = Debug|Any CPU
		{C498AC66-B171-47C9-84EC-C8C27D6CDE09}.Debug|x64.Build.0 = Debug|Any CPU
		{C498AC66-B171-47C9-84EC-C8C27D6CDE09}.Debug|x86.ActiveCfg = Debug|Any CPU
		{C498AC66-B171-47C9-84EC-C8C27D6CDE09}.Debug|x86.Build.0 = Debug|Any CPU
		{C498AC66-B171-47C9-84EC-C8C27D6CDE09}.Release|Any CPU.ActiveCfg = Release|Any CPU
		{C498AC66-B171-47C9-84EC-C8C27D6CDE09}.Release|Any CPU.Build.0 = Release|Any CPU
		{C498AC66-B171-47C9-84EC-C8C27D6CDE09}.Release|ARM.ActiveCfg = Release|Any CPU
		{C498AC66-B171-47C9-84EC-C8C27D6CDE09}.Release|ARM.Build.0 = Release|Any CPU
		{C498AC66-B171-47C9-84EC-C8C27D6CDE09}.Release|x64.ActiveCfg = Release|Any CPU
		{C498AC66-B171-47C9-84EC-C8C27D6CDE09}.Release|x64.Build.0 = Release|Any CPU
		{C498AC66-B171-47C9-84EC-C8C27D6CDE09}.Release|x86.ActiveCfg = Release|Any CPU
		{C498AC66-B171-47C9-84EC-C8C27D6CDE09}.Release|x86.Build.0 = Release|Any CPU
		{A0B594A2-4597-4B62-AAD7-D81F566DDE01}.Debug|Any CPU.ActiveCfg = Debug|Any CPU
		{A0B594A2-4597-4B62-AAD7-D81F566DDE01}.Debug|Any CPU.Build.0 = Debug|Any CPU
		{A0B594A2-4597-4B62-AAD7-D81F566DDE01}.Debug|ARM.ActiveCfg = Debug|Any CPU
		{A0B594A2-4597-4B62-AAD7-D81F566DDE01}.Debug|ARM.Build.0 = Debug|Any CPU
		{A0B594A2-4597-4B62-AAD7-D81F566DDE01}.Debug|x64.ActiveCfg = Debug|Any CPU
		{A0B594A2-4597-4B62-AAD7-D81F566DDE01}.Debug|x64.Build.0 = Debug|Any CPU
		{A0B594A2-4597-4B62-AAD7-D81F566DDE01}.Debug|x86.ActiveCfg = Debug|Any CPU
		{A0B594A2-4597-4B62-AAD7-D81F566DDE01}.Debug|x86.Build.0 = Debug|Any CPU
		{A0B594A2-4597-4B62-AAD7-D81F566DDE01}.Release|Any CPU.ActiveCfg = Release|Any CPU
		{A0B594A2-4597-4B62-AAD7-D81F566DDE01}.Release|Any CPU.Build.0 = Release|Any CPU
		{A0B594A2-4597-4B62-AAD7-D81F566DDE01}.Release|ARM.ActiveCfg = Release|Any CPU
		{A0B594A2-4597-4B62-AAD7-D81F566DDE01}.Release|ARM.Build.0 = Release|Any CPU
		{A0B594A2-4597-4B62-AAD7-D81F566DDE01}.Release|x64.ActiveCfg = Release|Any CPU
		{A0B594A2-4597-4B62-AAD7-D81F566DDE01}.Release|x64.Build.0 = Release|Any CPU
		{A0B594A2-4597-4B62-AAD7-D81F566DDE01}.Release|x86.ActiveCfg = Release|Any CPU
		{A0B594A2-4597-4B62-AAD7-D81F566DDE01}.Release|x86.Build.0 = Release|Any CPU
	EndGlobalSection
	GlobalSection(SolutionProperties) = preSolution
		HideSolutionNode = FALSE
	EndGlobalSection
	GlobalSection(ExtensibilityGlobals) = postSolution
		SolutionGuid = {2903DC68-1F42-4265-BCD1-70C0229E6EF3}
	EndGlobalSection
EndGlobal
